// !$*UTF8*$!
{
	archiveVersion = 1;
	classes = {
	};
	objectVersion = 56;
	objects = {

/* Begin PBXBuildFile section */
		999E3F182C29DB9100F530EE /* Extensions.swift in Sources */ = {isa = PBXBuildFile; fileRef = 999E3F172C29DB9100F530EE /* Extensions.swift */; };
		999E3F202C29DE0E00F530EE /* GraphData.swift in Sources */ = {isa = PBXBuildFile; fileRef = 999E3F1F2C29DE0E00F530EE /* GraphData.swift */; };
		999E3F222C29DF5000F530EE /* GraphView.swift in Sources */ = {isa = PBXBuildFile; fileRef = 999E3F212C29DF5000F530EE /* GraphView.swift */; };
		999E3F242C29E42E00F530EE /* AAPL.json in Resources */ = {isa = PBXBuildFile; fileRef = 999E3F232C29E42E00F530EE /* AAPL.json */; };
		999E3F262C29E51900F530EE /* StockGraphData.swift in Sources */ = {isa = PBXBuildFile; fileRef = 999E3F252C29E51900F530EE /* StockGraphData.swift */; };
		999E3F292C29EE5100F530EE /* NVIDIA.swift in Sources */ = {isa = PBXBuildFile; fileRef = 999E3F282C29EE5100F530EE /* NVIDIA.swift */; };
		999E3F2B2C29EE5A00F530EE /* APPLE.swift in Sources */ = {isa = PBXBuildFile; fileRef = 999E3F2A2C29EE5A00F530EE /* APPLE.swift */; };
		999E3F2D2C29EE6200F530EE /* MICROSOFT.swift in Sources */ = {isa = PBXBuildFile; fileRef = 999E3F2C2C29EE6200F530EE /* MICROSOFT.swift */; };
		99B89F972C299B8F00AEBD35 /* StockModel.swift in Sources */ = {isa = PBXBuildFile; fileRef = 99B89F962C299B8F00AEBD35 /* StockModel.swift */; };
		99B89F9A2C299BC000AEBD35 /* StockAPIService.swift in Sources */ = {isa = PBXBuildFile; fileRef = 99B89F992C299BC000AEBD35 /* StockAPIService.swift */; };
		99B89F9C2C299BDE00AEBD35 /* StockViewModel.swift in Sources */ = {isa = PBXBuildFile; fileRef = 99B89F9B2C299BDE00AEBD35 /* StockViewModel.swift */; };
		99B89F9E2C299BF700AEBD35 /* StockRowView.swift in Sources */ = {isa = PBXBuildFile; fileRef = 99B89F9D2C299BF700AEBD35 /* StockRowView.swift */; };
		99B89FA12C29A16900AEBD35 /* SearchBar.swift in Sources */ = {isa = PBXBuildFile; fileRef = 99B89FA02C29A16900AEBD35 /* SearchBar.swift */; };
		99B89FA52C29A5C300AEBD35 /* TabsView.swift in Sources */ = {isa = PBXBuildFile; fileRef = 99B89FA42C29A5C300AEBD35 /* TabsView.swift */; };
		99B89FA82C29AB8B00AEBD35 /* AuthenticationManager.swift in Sources */ = {isa = PBXBuildFile; fileRef = 99B89FA72C29AB8B00AEBD35 /* AuthenticationManager.swift */; };
		99B89FAA2C29ABC100AEBD35 /* EmailSignIn.swift in Sources */ = {isa = PBXBuildFile; fileRef = 99B89FA92C29ABC100AEBD35 /* EmailSignIn.swift */; };
		99B89FAC2C29AC9700AEBD35 /* GoogleService-Info.plist in Resources */ = {isa = PBXBuildFile; fileRef = 99B89FAB2C29AC9700AEBD35 /* GoogleService-Info.plist */; };
		99B89FAF2C29AD0C00AEBD35 /* FirebaseAnalytics in Frameworks */ = {isa = PBXBuildFile; productRef = 99B89FAE2C29AD0C00AEBD35 /* FirebaseAnalytics */; };
		99B89FB12C29AD0C00AEBD35 /* FirebaseAuth in Frameworks */ = {isa = PBXBuildFile; productRef = 99B89FB02C29AD0C00AEBD35 /* FirebaseAuth */; };
		99B89FB32C29AD0C00AEBD35 /* FirebaseAuthCombine-Community in Frameworks */ = {isa = PBXBuildFile; productRef = 99B89FB22C29AD0C00AEBD35 /* FirebaseAuthCombine-Community */; };
		99B89FB52C29AD0C00AEBD35 /* FirebaseFirestore in Frameworks */ = {isa = PBXBuildFile; productRef = 99B89FB42C29AD0C00AEBD35 /* FirebaseFirestore */; };
		99B89FB72C29AD0C00AEBD35 /* FirebaseStorage in Frameworks */ = {isa = PBXBuildFile; productRef = 99B89FB62C29AD0C00AEBD35 /* FirebaseStorage */; };
		99B89FBB2C29AE9900AEBD35 /* SignUpView.swift in Sources */ = {isa = PBXBuildFile; fileRef = 99B89FBA2C29AE9900AEBD35 /* SignUpView.swift */; };
		99B89FBD2C29AEA800AEBD35 /* LoginView.swift in Sources */ = {isa = PBXBuildFile; fileRef = 99B89FBC2C29AEA800AEBD35 /* LoginView.swift */; };
		99B89FBF2C29B08600AEBD35 /* SplashScreen.swift in Sources */ = {isa = PBXBuildFile; fileRef = 99B89FBE2C29B08600AEBD35 /* SplashScreen.swift */; };
		99E2198F2C2975C1002263CC /* FYPApp.swift in Sources */ = {isa = PBXBuildFile; fileRef = 99E2198E2C2975C1002263CC /* FYPApp.swift */; };
		99E219912C2975C1002263CC /* ContentView.swift in Sources */ = {isa = PBXBuildFile; fileRef = 99E219902C2975C1002263CC /* ContentView.swift */; };
		99E219932C2975C3002263CC /* Assets.xcassets in Resources */ = {isa = PBXBuildFile; fileRef = 99E219922C2975C3002263CC /* Assets.xcassets */; };
		99E219972C2975C3002263CC /* Preview Assets.xcassets in Resources */ = {isa = PBXBuildFile; fileRef = 99E219962C2975C3002263CC /* Preview Assets.xcassets */; };
		99E219A12C2975C3002263CC /* FYPTests.swift in Sources */ = {isa = PBXBuildFile; fileRef = 99E219A02C2975C3002263CC /* FYPTests.swift */; };
		99E219AB2C2975C3002263CC /* FYPUITests.swift in Sources */ = {isa = PBXBuildFile; fileRef = 99E219AA2C2975C3002263CC /* FYPUITests.swift */; };
		99E219AD2C2975C3002263CC /* FYPUITestsLaunchTests.swift in Sources */ = {isa = PBXBuildFile; fileRef = 99E219AC2C2975C3002263CC /* FYPUITestsLaunchTests.swift */; };
		99E219BD2C297871002263CC /* NewsView.swift in Sources */ = {isa = PBXBuildFile; fileRef = 99E219BC2C297871002263CC /* NewsView.swift */; };
		99E219BF2C29787B002263CC /* StockView.swift in Sources */ = {isa = PBXBuildFile; fileRef = 99E219BE2C29787B002263CC /* StockView.swift */; };
		99E219C32C297896002263CC /* NotesView.swift in Sources */ = {isa = PBXBuildFile; fileRef = 99E219C22C297896002263CC /* NotesView.swift */; };
		99E219C52C2978AA002263CC /* HomeView.swift in Sources */ = {isa = PBXBuildFile; fileRef = 99E219C42C2978AA002263CC /* HomeView.swift */; };
		99E219C72C2978B5002263CC /* LegalView.swift in Sources */ = {isa = PBXBuildFile; fileRef = 99E219C62C2978B5002263CC /* LegalView.swift */; };
		99E219C92C2978C2002263CC /* AccountView.swift in Sources */ = {isa = PBXBuildFile; fileRef = 99E219C82C2978C2002263CC /* AccountView.swift */; };
		99F7572C2C2ED1C100992F58 /* PredictionsView.swift in Sources */ = {isa = PBXBuildFile; fileRef = 99F7572B2C2ED1C100992F58 /* PredictionsView.swift */; };
		99F757692C2EE42800992F58 /* NewsAPIService.swift in Sources */ = {isa = PBXBuildFile; fileRef = 99F757682C2EE42800992F58 /* NewsAPIService.swift */; };
		99F7576B2C2EE45700992F58 /* NewsModel.swift in Sources */ = {isa = PBXBuildFile; fileRef = 99F7576A2C2EE45700992F58 /* NewsModel.swift */; };
		99F7576D2C2EE47C00992F58 /* NewsViewModel.swift in Sources */ = {isa = PBXBuildFile; fileRef = 99F7576C2C2EE47C00992F58 /* NewsViewModel.swift */; };
		99F7576F2C2EE4A500992F58 /* NewsRowView.swift in Sources */ = {isa = PBXBuildFile; fileRef = 99F7576E2C2EE4A500992F58 /* NewsRowView.swift */; };
/* End PBXBuildFile section */

/* Begin PBXContainerItemProxy section */
		99E2199D2C2975C3002263CC /* PBXContainerItemProxy */ = {
			isa = PBXContainerItemProxy;
			containerPortal = 99E219832C2975C1002263CC /* Project object */;
			proxyType = 1;
			remoteGlobalIDString = 99E2198A2C2975C1002263CC;
			remoteInfo = FYP;
		};
		99E219A72C2975C3002263CC /* PBXContainerItemProxy */ = {
			isa = PBXContainerItemProxy;
			containerPortal = 99E219832C2975C1002263CC /* Project object */;
			proxyType = 1;
			remoteGlobalIDString = 99E2198A2C2975C1002263CC;
			remoteInfo = FYP;
		};
/* End PBXContainerItemProxy section */

/* Begin PBXFileReference section */
		999E3F172C29DB9100F530EE /* Extensions.swift */ = {isa = PBXFileReference; lastKnownFileType = sourcecode.swift; path = Extensions.swift; sourceTree = "<group>"; };
		999E3F1F2C29DE0E00F530EE /* GraphData.swift */ = {isa = PBXFileReference; lastKnownFileType = sourcecode.swift; path = GraphData.swift; sourceTree = "<group>"; };
		999E3F212C29DF5000F530EE /* GraphView.swift */ = {isa = PBXFileReference; lastKnownFileType = sourcecode.swift; path = GraphView.swift; sourceTree = "<group>"; };
		999E3F232C29E42E00F530EE /* AAPL.json */ = {isa = PBXFileReference; fileEncoding = 4; lastKnownFileType = text.json; path = AAPL.json; sourceTree = "<group>"; };
		999E3F252C29E51900F530EE /* StockGraphData.swift */ = {isa = PBXFileReference; lastKnownFileType = sourcecode.swift; path = StockGraphData.swift; sourceTree = "<group>"; };
		999E3F282C29EE5100F530EE /* NVIDIA.swift */ = {isa = PBXFileReference; lastKnownFileType = sourcecode.swift; path = NVIDIA.swift; sourceTree = "<group>"; };
		999E3F2A2C29EE5A00F530EE /* APPLE.swift */ = {isa = PBXFileReference; lastKnownFileType = sourcecode.swift; path = APPLE.swift; sourceTree = "<group>"; };
		999E3F2C2C29EE6200F530EE /* MICROSOFT.swift */ = {isa = PBXFileReference; lastKnownFileType = sourcecode.swift; path = MICROSOFT.swift; sourceTree = "<group>"; };
		99B89F962C299B8F00AEBD35 /* StockModel.swift */ = {isa = PBXFileReference; lastKnownFileType = sourcecode.swift; path = StockModel.swift; sourceTree = "<group>"; };
		99B89F992C299BC000AEBD35 /* StockAPIService.swift */ = {isa = PBXFileReference; lastKnownFileType = sourcecode.swift; path = StockAPIService.swift; sourceTree = "<group>"; };
		99B89F9B2C299BDE00AEBD35 /* StockViewModel.swift */ = {isa = PBXFileReference; lastKnownFileType = sourcecode.swift; path = StockViewModel.swift; sourceTree = "<group>"; };
		99B89F9D2C299BF700AEBD35 /* StockRowView.swift */ = {isa = PBXFileReference; lastKnownFileType = sourcecode.swift; path = StockRowView.swift; sourceTree = "<group>"; };
		99B89FA02C29A16900AEBD35 /* SearchBar.swift */ = {isa = PBXFileReference; lastKnownFileType = sourcecode.swift; path = SearchBar.swift; sourceTree = "<group>"; };
		99B89FA42C29A5C300AEBD35 /* TabsView.swift */ = {isa = PBXFileReference; lastKnownFileType = sourcecode.swift; path = TabsView.swift; sourceTree = "<group>"; };
		99B89FA72C29AB8B00AEBD35 /* AuthenticationManager.swift */ = {isa = PBXFileReference; lastKnownFileType = sourcecode.swift; path = AuthenticationManager.swift; sourceTree = "<group>"; };
		99B89FA92C29ABC100AEBD35 /* EmailSignIn.swift */ = {isa = PBXFileReference; lastKnownFileType = sourcecode.swift; path = EmailSignIn.swift; sourceTree = "<group>"; };
		99B89FAB2C29AC9700AEBD35 /* GoogleService-Info.plist */ = {isa = PBXFileReference; fileEncoding = 4; lastKnownFileType = text.plist.xml; path = "GoogleService-Info.plist"; sourceTree = "<group>"; };
		99B89FBA2C29AE9900AEBD35 /* SignUpView.swift */ = {isa = PBXFileReference; lastKnownFileType = sourcecode.swift; path = SignUpView.swift; sourceTree = "<group>"; };
		99B89FBC2C29AEA800AEBD35 /* LoginView.swift */ = {isa = PBXFileReference; lastKnownFileType = sourcecode.swift; path = LoginView.swift; sourceTree = "<group>"; };
		99B89FBE2C29B08600AEBD35 /* SplashScreen.swift */ = {isa = PBXFileReference; lastKnownFileType = sourcecode.swift; path = SplashScreen.swift; sourceTree = "<group>"; };
		99E2198B2C2975C1002263CC /* FYP.app */ = {isa = PBXFileReference; explicitFileType = wrapper.application; includeInIndex = 0; path = FYP.app; sourceTree = BUILT_PRODUCTS_DIR; };
		99E2198E2C2975C1002263CC /* FYPApp.swift */ = {isa = PBXFileReference; lastKnownFileType = sourcecode.swift; path = FYPApp.swift; sourceTree = "<group>"; };
		99E219902C2975C1002263CC /* ContentView.swift */ = {isa = PBXFileReference; lastKnownFileType = sourcecode.swift; path = ContentView.swift; sourceTree = "<group>"; };
		99E219922C2975C3002263CC /* Assets.xcassets */ = {isa = PBXFileReference; lastKnownFileType = folder.assetcatalog; path = Assets.xcassets; sourceTree = "<group>"; };
		99E219942C2975C3002263CC /* FYP.entitlements */ = {isa = PBXFileReference; lastKnownFileType = text.plist.entitlements; path = FYP.entitlements; sourceTree = "<group>"; };
		99E219962C2975C3002263CC /* Preview Assets.xcassets */ = {isa = PBXFileReference; lastKnownFileType = folder.assetcatalog; path = "Preview Assets.xcassets"; sourceTree = "<group>"; };
		99E2199C2C2975C3002263CC /* FYPTests.xctest */ = {isa = PBXFileReference; explicitFileType = wrapper.cfbundle; includeInIndex = 0; path = FYPTests.xctest; sourceTree = BUILT_PRODUCTS_DIR; };
		99E219A02C2975C3002263CC /* FYPTests.swift */ = {isa = PBXFileReference; lastKnownFileType = sourcecode.swift; path = FYPTests.swift; sourceTree = "<group>"; };
		99E219A62C2975C3002263CC /* FYPUITests.xctest */ = {isa = PBXFileReference; explicitFileType = wrapper.cfbundle; includeInIndex = 0; path = FYPUITests.xctest; sourceTree = BUILT_PRODUCTS_DIR; };
		99E219AA2C2975C3002263CC /* FYPUITests.swift */ = {isa = PBXFileReference; lastKnownFileType = sourcecode.swift; path = FYPUITests.swift; sourceTree = "<group>"; };
		99E219AC2C2975C3002263CC /* FYPUITestsLaunchTests.swift */ = {isa = PBXFileReference; lastKnownFileType = sourcecode.swift; path = FYPUITestsLaunchTests.swift; sourceTree = "<group>"; };
		99E219BC2C297871002263CC /* NewsView.swift */ = {isa = PBXFileReference; lastKnownFileType = sourcecode.swift; path = NewsView.swift; sourceTree = "<group>"; };
		99E219BE2C29787B002263CC /* StockView.swift */ = {isa = PBXFileReference; lastKnownFileType = sourcecode.swift; path = StockView.swift; sourceTree = "<group>"; };
		99E219C22C297896002263CC /* NotesView.swift */ = {isa = PBXFileReference; lastKnownFileType = sourcecode.swift; path = NotesView.swift; sourceTree = "<group>"; };
		99E219C42C2978AA002263CC /* HomeView.swift */ = {isa = PBXFileReference; lastKnownFileType = sourcecode.swift; path = HomeView.swift; sourceTree = "<group>"; };
		99E219C62C2978B5002263CC /* LegalView.swift */ = {isa = PBXFileReference; lastKnownFileType = sourcecode.swift; path = LegalView.swift; sourceTree = "<group>"; };
		99E219C82C2978C2002263CC /* AccountView.swift */ = {isa = PBXFileReference; lastKnownFileType = sourcecode.swift; path = AccountView.swift; sourceTree = "<group>"; };
		99F7572B2C2ED1C100992F58 /* PredictionsView.swift */ = {isa = PBXFileReference; lastKnownFileType = sourcecode.swift; path = PredictionsView.swift; sourceTree = "<group>"; };
		99F757682C2EE42800992F58 /* NewsAPIService.swift */ = {isa = PBXFileReference; lastKnownFileType = sourcecode.swift; path = NewsAPIService.swift; sourceTree = "<group>"; };
		99F7576A2C2EE45700992F58 /* NewsModel.swift */ = {isa = PBXFileReference; lastKnownFileType = sourcecode.swift; path = NewsModel.swift; sourceTree = "<group>"; };
		99F7576C2C2EE47C00992F58 /* NewsViewModel.swift */ = {isa = PBXFileReference; lastKnownFileType = sourcecode.swift; path = NewsViewModel.swift; sourceTree = "<group>"; };
		99F7576E2C2EE4A500992F58 /* NewsRowView.swift */ = {isa = PBXFileReference; lastKnownFileType = sourcecode.swift; path = NewsRowView.swift; sourceTree = "<group>"; };
/* End PBXFileReference section */

/* Begin PBXFrameworksBuildPhase section */
		99E219882C2975C1002263CC /* Frameworks */ = {
			isa = PBXFrameworksBuildPhase;
			buildActionMask = 2147483647;
			files = (
				99B89FAF2C29AD0C00AEBD35 /* FirebaseAnalytics in Frameworks */,
				99B89FB52C29AD0C00AEBD35 /* FirebaseFirestore in Frameworks */,
				99B89FB32C29AD0C00AEBD35 /* FirebaseAuthCombine-Community in Frameworks */,
				99B89FB72C29AD0C00AEBD35 /* FirebaseStorage in Frameworks */,
				99B89FB12C29AD0C00AEBD35 /* FirebaseAuth in Frameworks */,
			);
			runOnlyForDeploymentPostprocessing = 0;
		};
		99E219992C2975C3002263CC /* Frameworks */ = {
			isa = PBXFrameworksBuildPhase;
			buildActionMask = 2147483647;
			files = (
			);
			runOnlyForDeploymentPostprocessing = 0;
		};
		99E219A32C2975C3002263CC /* Frameworks */ = {
			isa = PBXFrameworksBuildPhase;
			buildActionMask = 2147483647;
			files = (
			);
			runOnlyForDeploymentPostprocessing = 0;
		};
/* End PBXFrameworksBuildPhase section */

/* Begin PBXGroup section */
		999E3F102C29D8BD00F530EE /* Graphs */ = {
			isa = PBXGroup;
			children = (
				999E3F172C29DB9100F530EE /* Extensions.swift */,
				999E3F1F2C29DE0E00F530EE /* GraphData.swift */,
				999E3F212C29DF5000F530EE /* GraphView.swift */,
				999E3F232C29E42E00F530EE /* AAPL.json */,
				999E3F252C29E51900F530EE /* StockGraphData.swift */,
			);
			path = Graphs;
			sourceTree = "<group>";
		};
		999E3F272C29EE1100F530EE /* MoreInfoViews */ = {
			isa = PBXGroup;
			children = (
				999E3F282C29EE5100F530EE /* NVIDIA.swift */,
				999E3F2A2C29EE5A00F530EE /* APPLE.swift */,
				999E3F2C2C29EE6200F530EE /* MICROSOFT.swift */,
				99F7572B2C2ED1C100992F58 /* PredictionsView.swift */,
			);
			path = MoreInfoViews;
			sourceTree = "<group>";
		};
		99B89F982C299BAC00AEBD35 /* Services */ = {
			isa = PBXGroup;
			children = (
				99B89F992C299BC000AEBD35 /* StockAPIService.swift */,
				99F757682C2EE42800992F58 /* NewsAPIService.swift */,
			);
			path = Services;
			sourceTree = "<group>";
		};
		99B89F9F2C29A15600AEBD35 /* Components */ = {
			isa = PBXGroup;
			children = (
				99B89FA02C29A16900AEBD35 /* SearchBar.swift */,
				99B89FA42C29A5C300AEBD35 /* TabsView.swift */,
			);
			path = Components;
			sourceTree = "<group>";
		};
		99B89FA62C29AAF800AEBD35 /* FirebaseAuthentication */ = {
			isa = PBXGroup;
			children = (
				99B89FA72C29AB8B00AEBD35 /* AuthenticationManager.swift */,
				99B89FA92C29ABC100AEBD35 /* EmailSignIn.swift */,
			);
			path = FirebaseAuthentication;
			sourceTree = "<group>";
		};
		99E219822C2975C1002263CC = {
			isa = PBXGroup;
			children = (
				999E3F272C29EE1100F530EE /* MoreInfoViews */,
				999E3F102C29D8BD00F530EE /* Graphs */,
				99E2198D2C2975C1002263CC /* FYP */,
				99E2199F2C2975C3002263CC /* FYPTests */,
				99E219A92C2975C3002263CC /* FYPUITests */,
				99E2198C2C2975C1002263CC /* Products */,
			);
			sourceTree = "<group>";
		};
		99E2198C2C2975C1002263CC /* Products */ = {
			isa = PBXGroup;
			children = (
				99E2198B2C2975C1002263CC /* FYP.app */,
				99E2199C2C2975C3002263CC /* FYPTests.xctest */,
				99E219A62C2975C3002263CC /* FYPUITests.xctest */,
			);
			name = Products;
			sourceTree = "<group>";
		};
		99E2198D2C2975C1002263CC /* FYP */ = {
			isa = PBXGroup;
			children = (
				99B89FA62C29AAF800AEBD35 /* FirebaseAuthentication */,
				99B89F9F2C29A15600AEBD35 /* Components */,
				99B89F982C299BAC00AEBD35 /* Services */,
				99E219BB2C29785A002263CC /* ViewModels */,
				99E219BA2C297853002263CC /* Models */,
				99E219B92C29784B002263CC /* Views */,
				99E2198E2C2975C1002263CC /* FYPApp.swift */,
				99E219902C2975C1002263CC /* ContentView.swift */,
				99E219922C2975C3002263CC /* Assets.xcassets */,
				99E219942C2975C3002263CC /* FYP.entitlements */,
				99B89FAB2C29AC9700AEBD35 /* GoogleService-Info.plist */,
				99E219952C2975C3002263CC /* Preview Content */,
			);
			path = FYP;
			sourceTree = "<group>";
		};
		99E219952C2975C3002263CC /* Preview Content */ = {
			isa = PBXGroup;
			children = (
				99E219962C2975C3002263CC /* Preview Assets.xcassets */,
			);
			path = "Preview Content";
			sourceTree = "<group>";
		};
		99E2199F2C2975C3002263CC /* FYPTests */ = {
			isa = PBXGroup;
			children = (
				99E219A02C2975C3002263CC /* FYPTests.swift */,
			);
			path = FYPTests;
			sourceTree = "<group>";
		};
		99E219A92C2975C3002263CC /* FYPUITests */ = {
			isa = PBXGroup;
			children = (
				99E219AA2C2975C3002263CC /* FYPUITests.swift */,
				99E219AC2C2975C3002263CC /* FYPUITestsLaunchTests.swift */,
			);
			path = FYPUITests;
			sourceTree = "<group>";
		};
		99E219B92C29784B002263CC /* Views */ = {
			isa = PBXGroup;
			children = (
				99E219BC2C297871002263CC /* NewsView.swift */,
				99E219BE2C29787B002263CC /* StockView.swift */,
				99E219C22C297896002263CC /* NotesView.swift */,
				99E219C42C2978AA002263CC /* HomeView.swift */,
				99E219C62C2978B5002263CC /* LegalView.swift */,
				99E219C82C2978C2002263CC /* AccountView.swift */,
				99B89F9D2C299BF700AEBD35 /* StockRowView.swift */,
				99B89FBA2C29AE9900AEBD35 /* SignUpView.swift */,
				99B89FBC2C29AEA800AEBD35 /* LoginView.swift */,
				99B89FBE2C29B08600AEBD35 /* SplashScreen.swift */,
				99F7576E2C2EE4A500992F58 /* NewsRowView.swift */,
			);
			path = Views;
			sourceTree = "<group>";
		};
		99E219BA2C297853002263CC /* Models */ = {
			isa = PBXGroup;
			children = (
				99B89F962C299B8F00AEBD35 /* StockModel.swift */,
				99F7576A2C2EE45700992F58 /* NewsModel.swift */,
			);
			path = Models;
			sourceTree = "<group>";
		};
		99E219BB2C29785A002263CC /* ViewModels */ = {
			isa = PBXGroup;
			children = (
				99B89F9B2C299BDE00AEBD35 /* StockViewModel.swift */,
				99F7576C2C2EE47C00992F58 /* NewsViewModel.swift */,
			);
			path = ViewModels;
			sourceTree = "<group>";
		};
/* End PBXGroup section */

/* Begin PBXNativeTarget section */
		99E2198A2C2975C1002263CC /* FYP */ = {
			isa = PBXNativeTarget;
			buildConfigurationList = 99E219B02C2975C3002263CC /* Build configuration list for PBXNativeTarget "FYP" */;
			buildPhases = (
				99E219872C2975C1002263CC /* Sources */,
				99E219882C2975C1002263CC /* Frameworks */,
				99E219892C2975C1002263CC /* Resources */,
			);
			buildRules = (
			);
			dependencies = (
			);
			name = FYP;
			packageProductDependencies = (
				99B89FAE2C29AD0C00AEBD35 /* FirebaseAnalytics */,
				99B89FB02C29AD0C00AEBD35 /* FirebaseAuth */,
				99B89FB22C29AD0C00AEBD35 /* FirebaseAuthCombine-Community */,
				99B89FB42C29AD0C00AEBD35 /* FirebaseFirestore */,
				99B89FB62C29AD0C00AEBD35 /* FirebaseStorage */,
			);
			productName = FYP;
			productReference = 99E2198B2C2975C1002263CC /* FYP.app */;
			productType = "com.apple.product-type.application";
		};
		99E2199B2C2975C3002263CC /* FYPTests */ = {
			isa = PBXNativeTarget;
			buildConfigurationList = 99E219B32C2975C3002263CC /* Build configuration list for PBXNativeTarget "FYPTests" */;
			buildPhases = (
				99E219982C2975C3002263CC /* Sources */,
				99E219992C2975C3002263CC /* Frameworks */,
				99E2199A2C2975C3002263CC /* Resources */,
			);
			buildRules = (
			);
			dependencies = (
				99E2199E2C2975C3002263CC /* PBXTargetDependency */,
			);
			name = FYPTests;
			productName = FYPTests;
			productReference = 99E2199C2C2975C3002263CC /* FYPTests.xctest */;
			productType = "com.apple.product-type.bundle.unit-test";
		};
		99E219A52C2975C3002263CC /* FYPUITests */ = {
			isa = PBXNativeTarget;
			buildConfigurationList = 99E219B62C2975C3002263CC /* Build configuration list for PBXNativeTarget "FYPUITests" */;
			buildPhases = (
				99E219A22C2975C3002263CC /* Sources */,
				99E219A32C2975C3002263CC /* Frameworks */,
				99E219A42C2975C3002263CC /* Resources */,
			);
			buildRules = (
			);
			dependencies = (
				99E219A82C2975C3002263CC /* PBXTargetDependency */,
			);
			name = FYPUITests;
			productName = FYPUITests;
			productReference = 99E219A62C2975C3002263CC /* FYPUITests.xctest */;
			productType = "com.apple.product-type.bundle.ui-testing";
		};
/* End PBXNativeTarget section */

/* Begin PBXProject section */
		99E219832C2975C1002263CC /* Project object */ = {
			isa = PBXProject;
			attributes = {
				BuildIndependentTargetsInParallel = 1;
				LastSwiftUpdateCheck = 1430;
				LastUpgradeCheck = 1430;
				TargetAttributes = {
					99E2198A2C2975C1002263CC = {
						CreatedOnToolsVersion = 14.3.1;
					};
					99E2199B2C2975C3002263CC = {
						CreatedOnToolsVersion = 14.3.1;
						TestTargetID = 99E2198A2C2975C1002263CC;
					};
					99E219A52C2975C3002263CC = {
						CreatedOnToolsVersion = 14.3.1;
						TestTargetID = 99E2198A2C2975C1002263CC;
					};
				};
			};
			buildConfigurationList = 99E219862C2975C1002263CC /* Build configuration list for PBXProject "FYP" */;
			compatibilityVersion = "Xcode 14.0";
			developmentRegion = en;
			hasScannedForEncodings = 0;
			knownRegions = (
				en,
				Base,
			);
			mainGroup = 99E219822C2975C1002263CC;
			packageReferences = (
				99B89FAD2C29AD0C00AEBD35 /* XCRemoteSwiftPackageReference "firebase-ios-sdk" */,
			);
			productRefGroup = 99E2198C2C2975C1002263CC /* Products */;
			projectDirPath = "";
			projectRoot = "";
			targets = (
				99E2198A2C2975C1002263CC /* FYP */,
				99E2199B2C2975C3002263CC /* FYPTests */,
				99E219A52C2975C3002263CC /* FYPUITests */,
			);
		};
/* End PBXProject section */

/* Begin PBXResourcesBuildPhase section */
		99E219892C2975C1002263CC /* Resources */ = {
			isa = PBXResourcesBuildPhase;
			buildActionMask = 2147483647;
			files = (
				99E219972C2975C3002263CC /* Preview Assets.xcassets in Resources */,
				99E219932C2975C3002263CC /* Assets.xcassets in Resources */,
				99B89FAC2C29AC9700AEBD35 /* GoogleService-Info.plist in Resources */,
				999E3F242C29E42E00F530EE /* AAPL.json in Resources */,
			);
			runOnlyForDeploymentPostprocessing = 0;
		};
		99E2199A2C2975C3002263CC /* Resources */ = {
			isa = PBXResourcesBuildPhase;
			buildActionMask = 2147483647;
			files = (
			);
			runOnlyForDeploymentPostprocessing = 0;
		};
		99E219A42C2975C3002263CC /* Resources */ = {
			isa = PBXResourcesBuildPhase;
			buildActionMask = 2147483647;
			files = (
			);
			runOnlyForDeploymentPostprocessing = 0;
		};
/* End PBXResourcesBuildPhase section */

/* Begin PBXSourcesBuildPhase section */
		99E219872C2975C1002263CC /* Sources */ = {
			isa = PBXSourcesBuildPhase;
			buildActionMask = 2147483647;
			files = (
				99B89FA12C29A16900AEBD35 /* SearchBar.swift in Sources */,
				99F7572C2C2ED1C100992F58 /* PredictionsView.swift in Sources */,
				99E219BD2C297871002263CC /* NewsView.swift in Sources */,
				999E3F292C29EE5100F530EE /* NVIDIA.swift in Sources */,
				999E3F262C29E51900F530EE /* StockGraphData.swift in Sources */,
				99E219BF2C29787B002263CC /* StockView.swift in Sources */,
				99B89FA82C29AB8B00AEBD35 /* AuthenticationManager.swift in Sources */,
				99F7576D2C2EE47C00992F58 /* NewsViewModel.swift in Sources */,
				99B89F972C299B8F00AEBD35 /* StockModel.swift in Sources */,
				99B89F9C2C299BDE00AEBD35 /* StockViewModel.swift in Sources */,
				99E219C32C297896002263CC /* NotesView.swift in Sources */,
				99E219C52C2978AA002263CC /* HomeView.swift in Sources */,
				99F757692C2EE42800992F58 /* NewsAPIService.swift in Sources */,
				99E219C92C2978C2002263CC /* AccountView.swift in Sources */,
				99B89FA52C29A5C300AEBD35 /* TabsView.swift in Sources */,
				99E219912C2975C1002263CC /* ContentView.swift in Sources */,
				99B89F9E2C299BF700AEBD35 /* StockRowView.swift in Sources */,
				99B89FBD2C29AEA800AEBD35 /* LoginView.swift in Sources */,
				99B89FBB2C29AE9900AEBD35 /* SignUpView.swift in Sources */,
				99B89FAA2C29ABC100AEBD35 /* EmailSignIn.swift in Sources */,
				999E3F202C29DE0E00F530EE /* GraphData.swift in Sources */,
				99F7576F2C2EE4A500992F58 /* NewsRowView.swift in Sources */,
				999E3F222C29DF5000F530EE /* GraphView.swift in Sources */,
				999E3F182C29DB9100F530EE /* Extensions.swift in Sources */,
				99F7576B2C2EE45700992F58 /* NewsModel.swift in Sources */,
				999E3F2D2C29EE6200F530EE /* MICROSOFT.swift in Sources */,
				999E3F2B2C29EE5A00F530EE /* APPLE.swift in Sources */,
				99B89FBF2C29B08600AEBD35 /* SplashScreen.swift in Sources */,
				99B89F9A2C299BC000AEBD35 /* StockAPIService.swift in Sources */,
				99E2198F2C2975C1002263CC /* FYPApp.swift in Sources */,
				99E219C72C2978B5002263CC /* LegalView.swift in Sources */,
			);
			runOnlyForDeploymentPostprocessing = 0;
		};
		99E219982C2975C3002263CC /* Sources */ = {
			isa = PBXSourcesBuildPhase;
			buildActionMask = 2147483647;
			files = (
				99E219A12C2975C3002263CC /* FYPTests.swift in Sources */,
			);
			runOnlyForDeploymentPostprocessing = 0;
		};
		99E219A22C2975C3002263CC /* Sources */ = {
			isa = PBXSourcesBuildPhase;
			buildActionMask = 2147483647;
			files = (
				99E219AD2C2975C3002263CC /* FYPUITestsLaunchTests.swift in Sources */,
				99E219AB2C2975C3002263CC /* FYPUITests.swift in Sources */,
			);
			runOnlyForDeploymentPostprocessing = 0;
		};
/* End PBXSourcesBuildPhase section */

/* Begin PBXTargetDependency section */
		99E2199E2C2975C3002263CC /* PBXTargetDependency */ = {
			isa = PBXTargetDependency;
			target = 99E2198A2C2975C1002263CC /* FYP */;
			targetProxy = 99E2199D2C2975C3002263CC /* PBXContainerItemProxy */;
		};
		99E219A82C2975C3002263CC /* PBXTargetDependency */ = {
			isa = PBXTargetDependency;
			target = 99E2198A2C2975C1002263CC /* FYP */;
			targetProxy = 99E219A72C2975C3002263CC /* PBXContainerItemProxy */;
		};
/* End PBXTargetDependency section */

/* Begin XCBuildConfiguration section */
		99E219AE2C2975C3002263CC /* Debug */ = {
			isa = XCBuildConfiguration;
			buildSettings = {
				ALWAYS_SEARCH_USER_PATHS = NO;
				CLANG_ANALYZER_NONNULL = YES;
				CLANG_ANALYZER_NUMBER_OBJECT_CONVERSION = YES_AGGRESSIVE;
				CLANG_CXX_LANGUAGE_STANDARD = "gnu++20";
				CLANG_ENABLE_MODULES = YES;
				CLANG_ENABLE_OBJC_ARC = YES;
				CLANG_ENABLE_OBJC_WEAK = YES;
				CLANG_WARN_BLOCK_CAPTURE_AUTORELEASING = YES;
				CLANG_WARN_BOOL_CONVERSION = YES;
				CLANG_WARN_COMMA = YES;
				CLANG_WARN_CONSTANT_CONVERSION = YES;
				CLANG_WARN_DEPRECATED_OBJC_IMPLEMENTATIONS = YES;
				CLANG_WARN_DIRECT_OBJC_ISA_USAGE = YES_ERROR;
				CLANG_WARN_DOCUMENTATION_COMMENTS = YES;
				CLANG_WARN_EMPTY_BODY = YES;
				CLANG_WARN_ENUM_CONVERSION = YES;
				CLANG_WARN_INFINITE_RECURSION = YES;
				CLANG_WARN_INT_CONVERSION = YES;
				CLANG_WARN_NON_LITERAL_NULL_CONVERSION = YES;
				CLANG_WARN_OBJC_IMPLICIT_RETAIN_SELF = YES;
				CLANG_WARN_OBJC_LITERAL_CONVERSION = YES;
				CLANG_WARN_OBJC_ROOT_CLASS = YES_ERROR;
				CLANG_WARN_QUOTED_INCLUDE_IN_FRAMEWORK_HEADER = YES;
				CLANG_WARN_RANGE_LOOP_ANALYSIS = YES;
				CLANG_WARN_STRICT_PROTOTYPES = YES;
				CLANG_WARN_SUSPICIOUS_MOVE = YES;
				CLANG_WARN_UNGUARDED_AVAILABILITY = YES_AGGRESSIVE;
				CLANG_WARN_UNREACHABLE_CODE = YES;
				CLANG_WARN__DUPLICATE_METHOD_MATCH = YES;
				COPY_PHASE_STRIP = NO;
				DEBUG_INFORMATION_FORMAT = dwarf;
				ENABLE_STRICT_OBJC_MSGSEND = YES;
				ENABLE_TESTABILITY = YES;
				GCC_C_LANGUAGE_STANDARD = gnu11;
				GCC_DYNAMIC_NO_PIC = NO;
				GCC_NO_COMMON_BLOCKS = YES;
				GCC_OPTIMIZATION_LEVEL = 0;
				GCC_PREPROCESSOR_DEFINITIONS = (
					"DEBUG=1",
					"$(inherited)",
				);
				GCC_WARN_64_TO_32_BIT_CONVERSION = YES;
				GCC_WARN_ABOUT_RETURN_TYPE = YES_ERROR;
				GCC_WARN_UNDECLARED_SELECTOR = YES;
				GCC_WARN_UNINITIALIZED_AUTOS = YES_AGGRESSIVE;
				GCC_WARN_UNUSED_FUNCTION = YES;
				GCC_WARN_UNUSED_VARIABLE = YES;
				MTL_ENABLE_DEBUG_INFO = INCLUDE_SOURCE;
				MTL_FAST_MATH = YES;
				ONLY_ACTIVE_ARCH = YES;
				SWIFT_ACTIVE_COMPILATION_CONDITIONS = DEBUG;
				SWIFT_OPTIMIZATION_LEVEL = "-Onone";
			};
			name = Debug;
		};
		99E219AF2C2975C3002263CC /* Release */ = {
			isa = XCBuildConfiguration;
			buildSettings = {
				ALWAYS_SEARCH_USER_PATHS = NO;
				CLANG_ANALYZER_NONNULL = YES;
				CLANG_ANALYZER_NUMBER_OBJECT_CONVERSION = YES_AGGRESSIVE;
				CLANG_CXX_LANGUAGE_STANDARD = "gnu++20";
				CLANG_ENABLE_MODULES = YES;
				CLANG_ENABLE_OBJC_ARC = YES;
				CLANG_ENABLE_OBJC_WEAK = YES;
				CLANG_WARN_BLOCK_CAPTURE_AUTORELEASING = YES;
				CLANG_WARN_BOOL_CONVERSION = YES;
				CLANG_WARN_COMMA = YES;
				CLANG_WARN_CONSTANT_CONVERSION = YES;
				CLANG_WARN_DEPRECATED_OBJC_IMPLEMENTATIONS = YES;
				CLANG_WARN_DIRECT_OBJC_ISA_USAGE = YES_ERROR;
				CLANG_WARN_DOCUMENTATION_COMMENTS = YES;
				CLANG_WARN_EMPTY_BODY = YES;
				CLANG_WARN_ENUM_CONVERSION = YES;
				CLANG_WARN_INFINITE_RECURSION = YES;
				CLANG_WARN_INT_CONVERSION = YES;
				CLANG_WARN_NON_LITERAL_NULL_CONVERSION = YES;
				CLANG_WARN_OBJC_IMPLICIT_RETAIN_SELF = YES;
				CLANG_WARN_OBJC_LITERAL_CONVERSION = YES;
				CLANG_WARN_OBJC_ROOT_CLASS = YES_ERROR;
				CLANG_WARN_QUOTED_INCLUDE_IN_FRAMEWORK_HEADER = YES;
				CLANG_WARN_RANGE_LOOP_ANALYSIS = YES;
				CLANG_WARN_STRICT_PROTOTYPES = YES;
				CLANG_WARN_SUSPICIOUS_MOVE = YES;
				CLANG_WARN_UNGUARDED_AVAILABILITY = YES_AGGRESSIVE;
				CLANG_WARN_UNREACHABLE_CODE = YES;
				CLANG_WARN__DUPLICATE_METHOD_MATCH = YES;
				COPY_PHASE_STRIP = NO;
				DEBUG_INFORMATION_FORMAT = "dwarf-with-dsym";
				ENABLE_NS_ASSERTIONS = NO;
				ENABLE_STRICT_OBJC_MSGSEND = YES;
				GCC_C_LANGUAGE_STANDARD = gnu11;
				GCC_NO_COMMON_BLOCKS = YES;
				GCC_WARN_64_TO_32_BIT_CONVERSION = YES;
				GCC_WARN_ABOUT_RETURN_TYPE = YES_ERROR;
				GCC_WARN_UNDECLARED_SELECTOR = YES;
				GCC_WARN_UNINITIALIZED_AUTOS = YES_AGGRESSIVE;
				GCC_WARN_UNUSED_FUNCTION = YES;
				GCC_WARN_UNUSED_VARIABLE = YES;
				MTL_ENABLE_DEBUG_INFO = NO;
				MTL_FAST_MATH = YES;
				SWIFT_COMPILATION_MODE = wholemodule;
				SWIFT_OPTIMIZATION_LEVEL = "-O";
			};
			name = Release;
		};
		99E219B12C2975C3002263CC /* Debug */ = {
			isa = XCBuildConfiguration;
			buildSettings = {
				ASSETCATALOG_COMPILER_APPICON_NAME = AppIcon;
				ASSETCATALOG_COMPILER_GLOBAL_ACCENT_COLOR_NAME = AccentColor;
				CODE_SIGN_ENTITLEMENTS = FYP/FYP.entitlements;
				CODE_SIGN_STYLE = Automatic;
				CURRENT_PROJECT_VERSION = 1;
				DEVELOPMENT_ASSET_PATHS = "\"FYP/Preview Content\"";
				ENABLE_PREVIEWS = YES;
				GENERATE_INFOPLIST_FILE = YES;
				"INFOPLIST_KEY_UIApplicationSceneManifest_Generation[sdk=iphoneos*]" = YES;
				"INFOPLIST_KEY_UIApplicationSceneManifest_Generation[sdk=iphonesimulator*]" = YES;
				"INFOPLIST_KEY_UIApplicationSupportsIndirectInputEvents[sdk=iphoneos*]" = YES;
				"INFOPLIST_KEY_UIApplicationSupportsIndirectInputEvents[sdk=iphonesimulator*]" = YES;
				"INFOPLIST_KEY_UILaunchScreen_Generation[sdk=iphoneos*]" = YES;
				"INFOPLIST_KEY_UILaunchScreen_Generation[sdk=iphonesimulator*]" = YES;
				"INFOPLIST_KEY_UIStatusBarStyle[sdk=iphoneos*]" = UIStatusBarStyleDefault;
				"INFOPLIST_KEY_UIStatusBarStyle[sdk=iphonesimulator*]" = UIStatusBarStyleDefault;
				INFOPLIST_KEY_UISupportedInterfaceOrientations_iPad = "UIInterfaceOrientationPortrait UIInterfaceOrientationPortraitUpsideDown UIInterfaceOrientationLandscapeLeft UIInterfaceOrientationLandscapeRight";
				INFOPLIST_KEY_UISupportedInterfaceOrientations_iPhone = "UIInterfaceOrientationPortrait UIInterfaceOrientationLandscapeLeft UIInterfaceOrientationLandscapeRight";
				IPHONEOS_DEPLOYMENT_TARGET = 16.4;
				LD_RUNPATH_SEARCH_PATHS = "@executable_path/Frameworks";
				"LD_RUNPATH_SEARCH_PATHS[sdk=macosx*]" = "@executable_path/../Frameworks";
				MACOSX_DEPLOYMENT_TARGET = 13.3;
				MARKETING_VERSION = 1.0;
				PRODUCT_BUNDLE_IDENTIFIER = "com-FYP.FYP";
				PRODUCT_NAME = "$(TARGET_NAME)";
				SDKROOT = auto;
				SUPPORTED_PLATFORMS = "iphoneos iphonesimulator macosx";
				SWIFT_EMIT_LOC_STRINGS = YES;
				SWIFT_VERSION = 5.0;
				TARGETED_DEVICE_FAMILY = "1,2";
			};
			name = Debug;
		};
		99E219B22C2975C3002263CC /* Release */ = {
			isa = XCBuildConfiguration;
			buildSettings = {
				ASSETCATALOG_COMPILER_APPICON_NAME = AppIcon;
				ASSETCATALOG_COMPILER_GLOBAL_ACCENT_COLOR_NAME = AccentColor;
				CODE_SIGN_ENTITLEMENTS = FYP/FYP.entitlements;
				CODE_SIGN_STYLE = Automatic;
				CURRENT_PROJECT_VERSION = 1;
				DEVELOPMENT_ASSET_PATHS = "\"FYP/Preview Content\"";
				ENABLE_PREVIEWS = YES;
				GENERATE_INFOPLIST_FILE = YES;
				"INFOPLIST_KEY_UIApplicationSceneManifest_Generation[sdk=iphoneos*]" = YES;
				"INFOPLIST_KEY_UIApplicationSceneManifest_Generation[sdk=iphonesimulator*]" = YES;
				"INFOPLIST_KEY_UIApplicationSupportsIndirectInputEvents[sdk=iphoneos*]" = YES;
				"INFOPLIST_KEY_UIApplicationSupportsIndirectInputEvents[sdk=iphonesimulator*]" = YES;
				"INFOPLIST_KEY_UILaunchScreen_Generation[sdk=iphoneos*]" = YES;
				"INFOPLIST_KEY_UILaunchScreen_Generation[sdk=iphonesimulator*]" = YES;
				"INFOPLIST_KEY_UIStatusBarStyle[sdk=iphoneos*]" = UIStatusBarStyleDefault;
				"INFOPLIST_KEY_UIStatusBarStyle[sdk=iphonesimulator*]" = UIStatusBarStyleDefault;
				INFOPLIST_KEY_UISupportedInterfaceOrientations_iPad = "UIInterfaceOrientationPortrait UIInterfaceOrientationPortraitUpsideDown UIInterfaceOrientationLandscapeLeft UIInterfaceOrientationLandscapeRight";
				INFOPLIST_KEY_UISupportedInterfaceOrientations_iPhone = "UIInterfaceOrientationPortrait UIInterfaceOrientationLandscapeLeft UIInterfaceOrientationLandscapeRight";
				IPHONEOS_DEPLOYMENT_TARGET = 16.4;
				LD_RUNPATH_SEARCH_PATHS = "@executable_path/Frameworks";
				"LD_RUNPATH_SEARCH_PATHS[sdk=macosx*]" = "@executable_path/../Frameworks";
				MACOSX_DEPLOYMENT_TARGET = 13.3;
				MARKETING_VERSION = 1.0;
				PRODUCT_BUNDLE_IDENTIFIER = "com-FYP.FYP";
				PRODUCT_NAME = "$(TARGET_NAME)";
				SDKROOT = auto;
				SUPPORTED_PLATFORMS = "iphoneos iphonesimulator macosx";
				SWIFT_EMIT_LOC_STRINGS = YES;
				SWIFT_VERSION = 5.0;
				TARGETED_DEVICE_FAMILY = "1,2";
			};
			name = Release;
		};
		99E219B42C2975C3002263CC /* Debug */ = {
			isa = XCBuildConfiguration;
			buildSettings = {
				ALWAYS_EMBED_SWIFT_STANDARD_LIBRARIES = YES;
				BUNDLE_LOADER = "$(TEST_HOST)";
				CODE_SIGN_STYLE = Automatic;
				CURRENT_PROJECT_VERSION = 1;
				GENERATE_INFOPLIST_FILE = YES;
				IPHONEOS_DEPLOYMENT_TARGET = 16.4;
				MACOSX_DEPLOYMENT_TARGET = 13.3;
				MARKETING_VERSION = 1.0;
				PRODUCT_BUNDLE_IDENTIFIER = "com-FYP.FYPTests";
				PRODUCT_NAME = "$(TARGET_NAME)";
				SDKROOT = auto;
				SUPPORTED_PLATFORMS = "iphoneos iphonesimulator macosx";
				SWIFT_EMIT_LOC_STRINGS = NO;
				SWIFT_VERSION = 5.0;
				TARGETED_DEVICE_FAMILY = "1,2";
				TEST_HOST = "$(BUILT_PRODUCTS_DIR)/FYP.app/$(BUNDLE_EXECUTABLE_FOLDER_PATH)/FYP";
			};
			name = Debug;
		};
		99E219B52C2975C3002263CC /* Release */ = {
			isa = XCBuildConfiguration;
			buildSettings = {
				ALWAYS_EMBED_SWIFT_STANDARD_LIBRARIES = YES;
				BUNDLE_LOADER = "$(TEST_HOST)";
				CODE_SIGN_STYLE = Automatic;
				CURRENT_PROJECT_VERSION = 1;
				GENERATE_INFOPLIST_FILE = YES;
				IPHONEOS_DEPLOYMENT_TARGET = 16.4;
				MACOSX_DEPLOYMENT_TARGET = 13.3;
				MARKETING_VERSION = 1.0;
				PRODUCT_BUNDLE_IDENTIFIER = "com-FYP.FYPTests";
				PRODUCT_NAME = "$(TARGET_NAME)";
				SDKROOT = auto;
				SUPPORTED_PLATFORMS = "iphoneos iphonesimulator macosx";
				SWIFT_EMIT_LOC_STRINGS = NO;
				SWIFT_VERSION = 5.0;
				TARGETED_DEVICE_FAMILY = "1,2";
				TEST_HOST = "$(BUILT_PRODUCTS_DIR)/FYP.app/$(BUNDLE_EXECUTABLE_FOLDER_PATH)/FYP";
			};
			name = Release;
		};
		99E219B72C2975C3002263CC /* Debug */ = {
			isa = XCBuildConfiguration;
			buildSettings = {
				ALWAYS_EMBED_SWIFT_STANDARD_LIBRARIES = YES;
				CODE_SIGN_STYLE = Automatic;
				CURRENT_PROJECT_VERSION = 1;
				GENERATE_INFOPLIST_FILE = YES;
				IPHONEOS_DEPLOYMENT_TARGET = 16.4;
				MACOSX_DEPLOYMENT_TARGET = 13.3;
				MARKETING_VERSION = 1.0;
				PRODUCT_BUNDLE_IDENTIFIER = "com-FYP.FYPUITests";
				PRODUCT_NAME = "$(TARGET_NAME)";
				SDKROOT = auto;
				SUPPORTED_PLATFORMS = "iphoneos iphonesimulator macosx";
				SWIFT_EMIT_LOC_STRINGS = NO;
				SWIFT_VERSION = 5.0;
				TARGETED_DEVICE_FAMILY = "1,2";
				TEST_TARGET_NAME = FYP;
			};
			name = Debug;
		};
		99E219B82C2975C3002263CC /* Release */ = {
			isa = XCBuildConfiguration;
			buildSettings = {
				ALWAYS_EMBED_SWIFT_STANDARD_LIBRARIES = YES;
				CODE_SIGN_STYLE = Automatic;
				CURRENT_PROJECT_VERSION = 1;
				GENERATE_INFOPLIST_FILE = YES;
				IPHONEOS_DEPLOYMENT_TARGET = 16.4;
				MACOSX_DEPLOYMENT_TARGET = 13.3;
				MARKETING_VERSION = 1.0;
				PRODUCT_BUNDLE_IDENTIFIER = "com-FYP.FYPUITests";
				PRODUCT_NAME = "$(TARGET_NAME)";
				SDKROOT = auto;
				SUPPORTED_PLATFORMS = "iphoneos iphonesimulator macosx";
				SWIFT_EMIT_LOC_STRINGS = NO;
				SWIFT_VERSION = 5.0;
				TARGETED_DEVICE_FAMILY = "1,2";
				TEST_TARGET_NAME = FYP;
			};
			name = Release;
		};
/* End XCBuildConfiguration section */

/* Begin XCConfigurationList section */
		99E219862C2975C1002263CC /* Build configuration list for PBXProject "FYP" */ = {
			isa = XCConfigurationList;
			buildConfigurations = (
				99E219AE2C2975C3002263CC /* Debug */,
				99E219AF2C2975C3002263CC /* Release */,
			);
			defaultConfigurationIsVisible = 0;
			defaultConfigurationName = Release;
		};
		99E219B02C2975C3002263CC /* Build configuration list for PBXNativeTarget "FYP" */ = {
			isa = XCConfigurationList;
			buildConfigurations = (
				99E219B12C2975C3002263CC /* Debug */,
				99E219B22C2975C3002263CC /* Release */,
			);
			defaultConfigurationIsVisible = 0;
			defaultConfigurationName = Release;
		};
		99E219B32C2975C3002263CC /* Build configuration list for PBXNativeTarget "FYPTests" */ = {
			isa = XCConfigurationList;
			buildConfigurations = (
				99E219B42C2975C3002263CC /* Debug */,
				99E219B52C2975C3002263CC /* Release */,
			);
			defaultConfigurationIsVisible = 0;
			defaultConfigurationName = Release;
		};
		99E219B62C2975C3002263CC /* Build configuration list for PBXNativeTarget "FYPUITests" */ = {
			isa = XCConfigurationList;
			buildConfigurations = (
				99E219B72C2975C3002263CC /* Debug */,
				99E219B82C2975C3002263CC /* Release */,
			);
			defaultConfigurationIsVisible = 0;
			defaultConfigurationName = Release;
		};
/* End XCConfigurationList section */

/* Begin XCRemoteSwiftPackageReference section */
		99B89FAD2C29AD0C00AEBD35 /* XCRemoteSwiftPackageReference "firebase-ios-sdk" */ = {
			isa = XCRemoteSwiftPackageReference;
			repositoryURL = "https://github.com/firebase/firebase-ios-sdk";
			requirement = {
				kind = upToNextMajorVersion;
				minimumVersion = 10.0.0;
			};
		};
/* End XCRemoteSwiftPackageReference section */

/* Begin XCSwiftPackageProductDependency section */
		99B89FAE2C29AD0C00AEBD35 /* FirebaseAnalytics */ = {
			isa = XCSwiftPackageProductDependency;
			package = 99B89FAD2C29AD0C00AEBD35 /* XCRemoteSwiftPackageReference "firebase-ios-sdk" */;
			productName = FirebaseAnalytics;
		};
		99B89FB02C29AD0C00AEBD35 /* FirebaseAuth */ = {
			isa = XCSwiftPackageProductDependency;
			package = 99B89FAD2C29AD0C00AEBD35 /* XCRemoteSwiftPackageReference "firebase-ios-sdk" */;
			productName = FirebaseAuth;
		};
		99B89FB22C29AD0C00AEBD35 /* FirebaseAuthCombine-Community */ = {
			isa = XCSwiftPackageProductDependency;
			package = 99B89FAD2C29AD0C00AEBD35 /* XCRemoteSwiftPackageReference "firebase-ios-sdk" */;
			productName = "FirebaseAuthCombine-Community";
		};
		99B89FB42C29AD0C00AEBD35 /* FirebaseFirestore */ = {
			isa = XCSwiftPackageProductDependency;
			package = 99B89FAD2C29AD0C00AEBD35 /* XCRemoteSwiftPackageReference "firebase-ios-sdk" */;
			productName = FirebaseFirestore;
		};
		99B89FB62C29AD0C00AEBD35 /* FirebaseStorage */ = {
			isa = XCSwiftPackageProductDependency;
			package = 99B89FAD2C29AD0C00AEBD35 /* XCRemoteSwiftPackageReference "firebase-ios-sdk" */;
			productName = FirebaseStorage;
		};
/* End XCSwiftPackageProductDependency section */
	};
	rootObject = 99E219832C2975C1002263CC /* Project object */;
}
